
Microsoft Visual Studio Solution File, Format Version 12.00
# Visual Studio Version 16
VisualStudioVersion = 16.0.32228.343
MinimumVisualStudioVersion = 10.0.40219.1
Project("{FAE04EC0-301F-11D3-BF4B-00C04F79EFBC}") = "DapperProject.Data", "DapperProject.Data\DapperProject.Data.csproj", "{63D8C06F-EFDB-41D9-85F2-C70B0280F017}"
EndProject
Project("{FAE04EC0-301F-11D3-BF4B-00C04F79EFBC}") = "DapperProject.Entity", "DapperProject.Entity\DapperProject.Entity.csproj", "{3A60D29C-3287-41B8-B3A2-74251F33E5E8}"
EndProject
Project("{FAE04EC0-301F-11D3-BF4B-00C04F79EFBC}") = "DapperProject.Api", "DapperProject.Api\DapperProject.Api.csproj", "{B1AEABD2-5D3D-4BF0-9173-F65C12FEE29B}"
EndProject
Global
	GlobalSection(SolutionConfigurationPlatforms) = preSolution
		Debug|Any CPU = Debug|Any CPU
		Release|Any CPU = Release|Any CPU
	EndGlobalSection
	GlobalSection(ProjectConfigurationPlatforms) = postSolution
		{63D8C06F-EFDB-41D9-85F2-C70B0280F017}.Debug|Any CPU.ActiveCfg = Debug|Any CPU
		{63D8C06F-EFDB-41D9-85F2-C70B0280F017}.Debug|Any CPU.Build.0 = Debug|Any CPU
		{63D8C06F-EFDB-41D9-85F2-C70B0280F017}.Release|Any CPU.ActiveCfg = Release|Any CPU
		{63D8C06F-EFDB-41D9-85F2-C70B0280F017}.Release|Any CPU.Build.0 = Release|Any CPU
		{3A60D29C-3287-41B8-B3A2-74251F33E5E8}.Debug|Any CPU.ActiveCfg = Debug|Any CPU
		{3A60D29C-3287-41B8-B3A2-74251F33E5E8}.Debug|Any CPU.Build.0 = Debug|Any CPU
		{3A60D29C-3287-41B8-B3A2-74251F33E5E8}.Release|Any CPU.ActiveCfg = Release|Any CPU
		{3A60D29C-3287-41B8-B3A2-74251F33E5E8}.Release|Any CPU.Build.0 = Release|Any CPU
		{B1AEABD2-5D3D-4BF0-9173-F65C12FEE29B}.Debug|Any CPU.ActiveCfg = Debug|Any CPU
		{B1AEABD2-5D3D-4BF0-9173-F65C12FEE29B}.Debug|Any CPU.Build.0 = Debug|Any CPU
		{B1AEABD2-5D3D-4BF0-9173-F65C12FEE29B}.Release|Any CPU.ActiveCfg = Release|Any CPU
		{B1AEABD2-5D3D-4BF0-9173-F65C12FEE29B}.Release|Any CPU.Build.0 = Release|Any CPU
	EndGlobalSection
	GlobalSection(SolutionProperties) = preSolution
		HideSolutionNode = FALSE
	EndGlobalSection
	GlobalSection(ExtensibilityGlobals) = postSolution
		SolutionGuid = {100F1BD0-52C1-4B94-ADA3-D39C2EE2FE60}
	EndGlobalSection
EndGlobal
